
Microsoft Visual Studio Solution File, Format Version 12.00
# Visual Studio 15
VisualStudioVersion = 15.0.28307.421
MinimumVisualStudioVersion = 10.0.40219.1
Project("{FAE04EC0-301F-11D3-BF4B-00C04F79EFBC}") = "CJJ.Blog.Tools", "CJJ.Blog.Tools\CJJ.Blog.Tools.csproj", "{0ACABB09-2C2C-47E2-96C1-4DF29E8A1DBA}"
EndProject
Project("{FAE04EC0-301F-11D3-BF4B-00C04F79EFBC}") = "BaseWork", "BaseWork\BaseWork.csproj", "{A94AB420-2723-4A83-997A-0398CC094D89}"
EndProject
Project("{FAE04EC0-301F-11D3-BF4B-00C04F79EFBC}") = "Copyfile", "Copyfile\Copyfile.csproj", "{64D56DB7-9900-40A9-9AF1-2FBE33441039}"
EndProject
Global
	GlobalSection(SolutionConfigurationPlatforms) = preSolution
		Debug|Any CPU = Debug|Any CPU
		Release|Any CPU = Release|Any CPU
	EndGlobalSection
	GlobalSection(ProjectConfigurationPlatforms) = postSolution
		{0ACABB09-2C2C-47E2-96C1-4DF29E8A1DBA}.Debug|Any CPU.ActiveCfg = Debug|Any CPU
		{0ACABB09-2C2C-47E2-96C1-4DF29E8A1DBA}.Debug|Any CPU.Build.0 = Debug|Any CPU
		{0ACABB09-2C2C-47E2-96C1-4DF29E8A1DBA}.Release|Any CPU.ActiveCfg = Release|Any CPU
		{0ACABB09-2C2C-47E2-96C1-4DF29E8A1DBA}.Release|Any CPU.Build.0 = Release|Any CPU
		{A94AB420-2723-4A83-997A-0398CC094D89}.Debug|Any CPU.ActiveCfg = Debug|Any CPU
		{A94AB420-2723-4A83-997A-0398CC094D89}.Debug|Any CPU.Build.0 = Debug|Any CPU
		{A94AB420-2723-4A83-997A-0398CC094D89}.Release|Any CPU.ActiveCfg = Release|Any CPU
		{A94AB420-2723-4A83-997A-0398CC094D89}.Release|Any CPU.Build.0 = Release|Any CPU
		{64D56DB7-9900-40A9-9AF1-2FBE33441039}.Debug|Any CPU.ActiveCfg = Debug|Any CPU
		{64D56DB7-9900-40A9-9AF1-2FBE33441039}.Debug|Any CPU.Build.0 = Debug|Any CPU
		{64D56DB7-9900-40A9-9AF1-2FBE33441039}.Release|Any CPU.ActiveCfg = Release|Any CPU
		{64D56DB7-9900-40A9-9AF1-2FBE33441039}.Release|Any CPU.Build.0 = Release|Any CPU
	EndGlobalSection
	GlobalSection(SolutionProperties) = preSolution
		HideSolutionNode = FALSE
	EndGlobalSection
	GlobalSection(ExtensibilityGlobals) = postSolution
		SolutionGuid = {CCB568B4-53D3-4B02-BE75-2A602310BA37}
	EndGlobalSection
EndGlobal
